
Microsoft Visual Studio Solution File, Format Version 12.00
# Visual Studio Version 17
VisualStudioVersion = 17.8.34330.188
MinimumVisualStudioVersion = 10.0.40219.1
Project("{FAE04EC0-301F-11D3-BF4B-00C04F79EFBC}") = "06_NullableTypeEx", "NullableTypeEx\06_NullableTypeEx.csproj", "{C1B5D598-21A7-4998-A49F-1CC47813B36A}"
EndProject
Project("{FAE04EC0-301F-11D3-BF4B-00C04F79EFBC}") = "07_ValueRefTypeEx", "ValueRefTypeEx\07_ValueRefTypeEx.csproj", "{2BD47415-0E1C-4D6C-A010-A865CC605BDA}"
EndProject
Project("{FAE04EC0-301F-11D3-BF4B-00C04F79EFBC}") = "08_BoxUnBoxEx", "BoxUnBoxEx\08_BoxUnBoxEx.csproj", "{F72370B9-8402-4B87-A0F7-6C0196D8EC9F}"
EndProject
Project("{FAE04EC0-301F-11D3-BF4B-00C04F79EFBC}") = "09_ConvertTypeEx", "ConvertTypeEx\09_ConvertTypeEx.csproj", "{7487288D-150D-4161-ABCA-EC94F6911715}"
EndProject
Project("{FAE04EC0-301F-11D3-BF4B-00C04F79EFBC}") = "09_ConvertTypeEx2", "09_ConvertTypeEx2\09_ConvertTypeEx2.csproj", "{1693577A-08AC-4634-9222-67CA6402DBE8}"
EndProject
Project("{FAE04EC0-301F-11D3-BF4B-00C04F79EFBC}") = "10_ConvertTypeEx3", "10_ConvertTypeEx3\10_ConvertTypeEx3.csproj", "{E6160771-2C1B-4F7B-B172-7BC4DB18206F}"
EndProject
Project("{FAE04EC0-301F-11D3-BF4B-00C04F79EFBC}") = "11_ConvertTypeEx4", "ConvertTypeEx4\11_ConvertTypeEx4.csproj", "{02C14CE4-B243-4B34-8FC1-24974CAD38AA}"
EndProject
Project("{FAE04EC0-301F-11D3-BF4B-00C04F79EFBC}") = "12_ConstantsEx", "12_ConstantEx\12_ConstantsEx.csproj", "{A61B26BE-DA69-4686-8A2D-DD3BE2AA3744}"
EndProject
Project("{FAE04EC0-301F-11D3-BF4B-00C04F79EFBC}") = "12_EnumTypeEx", "13_EnumTypeEx\12_EnumTypeEx.csproj", "{DE112EF5-B44D-4663-9112-25869779FF97}"
EndProject
Project("{FAE04EC0-301F-11D3-BF4B-00C04F79EFBC}") = "13_OperatorEx", "14_OperatorEx\13_OperatorEx.csproj", "{6B1DF21C-C25A-4055-BF97-399B5F06D175}"
EndProject
Project("{FAE04EC0-301F-11D3-BF4B-00C04F79EFBC}") = "14_OperatorEx2", "OperatorEx2\14_OperatorEx2.csproj", "{162DF077-6398-41A4-BF80-CBA278D7ADD9}"
EndProject
Project("{FAE04EC0-301F-11D3-BF4B-00C04F79EFBC}") = "14_OperatorEx3", "OperatorEx3\14_OperatorEx3.csproj", "{122AA232-E338-4194-9E26-A985E919EDC8}"
EndProject
Project("{FAE04EC0-301F-11D3-BF4B-00C04F79EFBC}") = "14_OperatorEx4", "OperatorEx4\14_OperatorEx4.csproj", "{C245876B-DDB7-4A43-8FDA-77227978FDF5}"
EndProject
Project("{FAE04EC0-301F-11D3-BF4B-00C04F79EFBC}") = "16_IfElseEx", "16_IfElseEx\16_IfElseEx.csproj", "{6BF578C6-78B6-4D10-BD98-81E5543B3698}"
EndProject
Project("{FAE04EC0-301F-11D3-BF4B-00C04F79EFBC}") = "16_SwitchEx", "16_SwitchEx\16_SwitchEx.csproj", "{276E354B-AB52-4951-98E4-FED8134057E6}"
EndProject
Project("{FAE04EC0-301F-11D3-BF4B-00C04F79EFBC}") = "17_1_LoopEx", "LoopEx\17_1_LoopEx.csproj", "{2EDF5591-9DE2-4B8C-8097-72D64E03CA71}"
EndProject
Project("{FAE04EC0-301F-11D3-BF4B-00C04F79EFBC}") = "17_2_ControlEx", "ControlEx\17_2_ControlEx.csproj", "{A272F634-D61D-47A4-8800-D54CE7C3E111}"
EndProject
Project("{FAE04EC0-301F-11D3-BF4B-00C04F79EFBC}") = "18_ArrayEx", "ArrayEx\18_ArrayEx.csproj", "{0BE5DDD0-98C7-4FFB-B7E4-4A047C355D80}"
EndProject
Project("{FAE04EC0-301F-11D3-BF4B-00C04F79EFBC}") = "19_1_ArrayEx2", "ArrayEx2\19_1_ArrayEx2.csproj", "{F29511B5-B7DC-4930-A815-43183BD08799}"
EndProject
Project("{FAE04EC0-301F-11D3-BF4B-00C04F79EFBC}") = "19_2_forforEx", "forforEx\19_2_forforEx.csproj", "{181DBCEE-754E-4D9F-A864-43787F46AAED}"
EndProject
Project("{FAE04EC0-301F-11D3-BF4B-00C04F79EFBC}") = "20_JaggedArrEx", "JaggedArrEx\20_JaggedArrEx.csproj", "{401BDEB0-0607-4EA3-9C3C-D9A29EFAF794}"
EndProject
Project("{FAE04EC0-301F-11D3-BF4B-00C04F79EFBC}") = "21_MethodEx", "MethodEx\21_MethodEx.csproj", "{D9A2F4BA-E1E5-45B4-8E76-66DB27650BB3}"
EndProject
Project("{FAE04EC0-301F-11D3-BF4B-00C04F79EFBC}") = "22_1_ParameterEx", "ParameterEx\22_1_ParameterEx.csproj", "{45BE9238-6909-434F-974A-7419D4D77DC6}"
EndProject
Project("{FAE04EC0-301F-11D3-BF4B-00C04F79EFBC}") = "23_1_OverloadingEx", "OverloadingEx\23_1_OverloadingEx.csproj", "{4AB41B85-A486-4E67-8A94-09622BC0B063}"
EndProject
Project("{FAE04EC0-301F-11D3-BF4B-00C04F79EFBC}") = "23_2_DefaultParameterEx", "DefaultParameterEx\23_2_DefaultParameterEx.csproj", "{BEDEFC52-63BF-487F-98E0-2D706C828750}"
EndProject
Project("{FAE04EC0-301F-11D3-BF4B-00C04F79EFBC}") = "24_LocalFunEx", "LocalFunEx\24_LocalFunEx.csproj", "{F2A41DF9-DDC2-4340-90AE-A8178CEDB68B}"
EndProject
Project("{FAE04EC0-301F-11D3-BF4B-00C04F79EFBC}") = "25_ClassEx", "ClassEx\25_ClassEx.csproj", "{74462A09-7F74-40A4-83D0-A6E107F57D06}"
EndProject
Project("{2150E333-8FDC-42A3-9474-1A3956D46DE8}") = "Part1", "Part1", "{FCFFA110-3A54-4A13-B7D5-7EDA1130844A}"
EndProject
Project("{2150E333-8FDC-42A3-9474-1A3956D46DE8}") = "Part2", "Part2", "{62773A41-5272-44A3-BBDC-143F6C0C09CD}"
EndProject
Project("{FAE04EC0-301F-11D3-BF4B-00C04F79EFBC}") = "01,02_ConstructorEx", "ConstructorEx\01,02_ConstructorEx.csproj", "{8F1F68F9-A338-4BBB-A116-ABB295ECDE25}"
EndProject
Project("{FAE04EC0-301F-11D3-BF4B-00C04F79EFBC}") = "03_StaticEx", "StaticEx\03_StaticEx.csproj", "{C0D8C51A-F5DA-4B89-911D-399ABBF789C3}"
EndProject
Project("{FAE04EC0-301F-11D3-BF4B-00C04F79EFBC}") = "03_StaticEx2", "StaticEx2\03_StaticEx2.csproj", "{AA6F2191-0C99-4246-80C3-AFE70F5BFE50}"
EndProject
Project("{FAE04EC0-301F-11D3-BF4B-00C04F79EFBC}") = "04_ObjCopyEx", "ObjCopyEx\04_ObjCopyEx.csproj", "{48AA269C-7409-40B4-9AD6-68AB8361A4E0}"
EndProject
Project("{FAE04EC0-301F-11D3-BF4B-00C04F79EFBC}") = "05_ThisEx", "ThisEx\05_ThisEx.csproj", "{1582979A-FA07-4D1C-A909-CAA158930318}"
EndProject
Project("{FAE04EC0-301F-11D3-BF4B-00C04F79EFBC}") = "05_ThisEx2", "ThisEx2\05_ThisEx2.csproj", "{5878621A-A7FF-43D2-9FC7-7D8A24A8D6E9}"
EndProject
Project("{FAE04EC0-301F-11D3-BF4B-00C04F79EFBC}") = "06,07_AccessModifierEx", "AccessModifierEx\06,07_AccessModifierEx.csproj", "{1B9E0F9C-0F14-4530-812C-15CFBDCB1DA1}"
EndProject
Project("{FAE04EC0-301F-11D3-BF4B-00C04F79EFBC}") = "08_InheritEx", "InheritEx\08_InheritEx.csproj", "{5B91A90B-821F-46ED-BC05-E714F9408CF1}"
EndProject
Project("{FAE04EC0-301F-11D3-BF4B-00C04F79EFBC}") = "08, 09_InheritEx2", "InheritEx2\08, 09_InheritEx2.csproj", "{18A6CD05-363E-44F0-89F7-323D35C52BD6}"
EndProject
Project("{FAE04EC0-301F-11D3-BF4B-00C04F79EFBC}") = "10_ClassConversionEx", "ClassConversionEx\10_ClassConversionEx.csproj", "{EEF950EC-33D7-42EE-A2E1-96D3788BE1BE}"
EndProject
Project("{FAE04EC0-301F-11D3-BF4B-00C04F79EFBC}") = "11_AsIsEx", "AsIsEx\11_AsIsEx.csproj", "{AB3BB2CF-8FDB-4D6C-A8B8-DE90D51361F8}"
EndProject
Project("{FAE04EC0-301F-11D3-BF4B-00C04F79EFBC}") = "12_OverrideEx", "OverrideEx\12_OverrideEx.csproj", "{706D00A7-72F7-418F-B556-3284C26FEAC8}"
EndProject
Project("{FAE04EC0-301F-11D3-BF4B-00C04F79EFBC}") = "13_StructEx", "StructEx\13_StructEx.csproj", "{802DD0A8-04BE-4CCC-8A48-FA857C8E9C46}"
EndProject
Project("{FAE04EC0-301F-11D3-BF4B-00C04F79EFBC}") = "13, 14_TupleEx", "TupleEx\13, 14_TupleEx.csproj", "{AE3CC068-794E-4A14-A20F-E5B85C2434EF}"
EndProject
Project("{FAE04EC0-301F-11D3-BF4B-00C04F79EFBC}") = "14_TupleEx2", "TupleEx2\14_TupleEx2.csproj", "{E3C1BB5E-62BC-45D1-920B-03BFC2AA1908}"
EndProject
Project("{FAE04EC0-301F-11D3-BF4B-00C04F79EFBC}") = "15_InterfaceEx", "InterfaceEx\15_InterfaceEx.csproj", "{586F7A38-94E4-475C-B370-68A932B7D38A}"
EndProject
Project("{FAE04EC0-301F-11D3-BF4B-00C04F79EFBC}") = "16_MultiInheritanceEx", "MultiInheritanceEx\16_MultiInheritanceEx.csproj", "{D6ECED8B-E52C-461C-9E86-852E89530B12}"
EndProject
Project("{FAE04EC0-301F-11D3-BF4B-00C04F79EFBC}") = "16_InterfaceEx2", "InterfaceEx2\16_InterfaceEx2.csproj", "{86E3EC5F-A1F3-455A-BB76-C3C32A89184E}"
EndProject
Project("{FAE04EC0-301F-11D3-BF4B-00C04F79EFBC}") = "16_AbstractClassEx", "AbstractClassEx\16_AbstractClassEx.csproj", "{087817AE-D39A-48BD-AEBE-EB91DAF17569}"
EndProject
Project("{FAE04EC0-301F-11D3-BF4B-00C04F79EFBC}") = "17_PropertyEx", "PropertyEx\17_PropertyEx.csproj", "{A1741245-B61B-4E62-819B-AC8D90C2729E}"
EndProject
Project("{FAE04EC0-301F-11D3-BF4B-00C04F79EFBC}") = "18_PropertyEx2", "PropertyEx2\18_PropertyEx2.csproj", "{2BF7AAEE-645C-4805-8573-BDDCE2CEDF86}"
EndProject
Project("{FAE04EC0-301F-11D3-BF4B-00C04F79EFBC}") = "18_PropertyEx3", "PropertyEx3\18_PropertyEx3.csproj", "{8C723E39-A296-4A15-AED9-BC85412E96CD}"
EndProject
Project("{FAE04EC0-301F-11D3-BF4B-00C04F79EFBC}") = "19, 20_InterfacePropertyEx", "InterfacePropertyEx\19, 20_InterfacePropertyEx.csproj", "{D260B0FA-AE84-4757-8B7F-F4E79696402D}"
EndProject
Project("{FAE04EC0-301F-11D3-BF4B-00C04F79EFBC}") = "20_AbstractPropertyEx", "AbstractPropertyEx\20_AbstractPropertyEx.csproj", "{4CC33814-2C3F-46AE-ADC7-10164D0C78B7}"
EndProject
Project("{FAE04EC0-301F-11D3-BF4B-00C04F79EFBC}") = "21_ArrayListEx", "ArrayListEx\21_ArrayListEx.csproj", "{6111096B-8C5A-4F96-9CF5-63C5880DC394}"
EndProject
Project("{FAE04EC0-301F-11D3-BF4B-00C04F79EFBC}") = "22_QueueEx", "QueueEx\22_QueueEx.csproj", "{B7792479-01A9-4970-ACA2-D0A9D9682054}"
EndProject
Project("{FAE04EC0-301F-11D3-BF4B-00C04F79EFBC}") = "22_StackEx", "StackEx\22_StackEx.csproj", "{1AA6273D-BE51-4CAF-A525-1F6933A5F65F}"
EndProject
Project("{FAE04EC0-301F-11D3-BF4B-00C04F79EFBC}") = "22_HashtableEx", "HashtableEx\22_HashtableEx.csproj", "{E2F89369-0CDE-4B21-8FFA-1F9B737C2446}"
EndProject
Project("{FAE04EC0-301F-11D3-BF4B-00C04F79EFBC}") = "23_CollectionInitialEx", "CollectionInitialEx\23_CollectionInitialEx.csproj", "{FC32C1FC-A437-4C7E-93F7-25479BE84756}"
EndProject
Project("{FAE04EC0-301F-11D3-BF4B-00C04F79EFBC}") = "23_HashTableInitialEx", "HashTableInitialEx\23_HashTableInitialEx.csproj", "{53ABD450-A619-49B1-ABC2-681BC3DCE433}"
EndProject
Project("{FAE04EC0-301F-11D3-BF4B-00C04F79EFBC}") = "23_IndexerEx", "IndexerEx\23_IndexerEx.csproj", "{FA5F723F-67FE-4692-9339-97C132CAB87B}"
EndProject
Project("{FAE04EC0-301F-11D3-BF4B-00C04F79EFBC}") = "24_yieldEx", "yieldEx\24_yieldEx.csproj", "{A9295208-82A5-42DE-AD63-8601BB9DF78F}"
EndProject
Project("{FAE04EC0-301F-11D3-BF4B-00C04F79EFBC}") = "yieldEx2", "yieldEx2\yieldEx2.csproj", "{B738B5A3-6725-4273-BD62-E7DE0851AE2F}"
EndProject
Global
	GlobalSection(SolutionConfigurationPlatforms) = preSolution
		Debug|Any CPU = Debug|Any CPU
		Release|Any CPU = Release|Any CPU
	EndGlobalSection
	GlobalSection(ProjectConfigurationPlatforms) = postSolution
		{C1B5D598-21A7-4998-A49F-1CC47813B36A}.Debug|Any CPU.ActiveCfg = Debug|Any CPU
		{C1B5D598-21A7-4998-A49F-1CC47813B36A}.Debug|Any CPU.Build.0 = Debug|Any CPU
		{C1B5D598-21A7-4998-A49F-1CC47813B36A}.Release|Any CPU.ActiveCfg = Release|Any CPU
		{C1B5D598-21A7-4998-A49F-1CC47813B36A}.Release|Any CPU.Build.0 = Release|Any CPU
		{2BD47415-0E1C-4D6C-A010-A865CC605BDA}.Debug|Any CPU.ActiveCfg = Debug|Any CPU
		{2BD47415-0E1C-4D6C-A010-A865CC605BDA}.Debug|Any CPU.Build.0 = Debug|Any CPU
		{2BD47415-0E1C-4D6C-A010-A865CC605BDA}.Release|Any CPU.ActiveCfg = Release|Any CPU
		{2BD47415-0E1C-4D6C-A010-A865CC605BDA}.Release|Any CPU.Build.0 = Release|Any CPU
		{F72370B9-8402-4B87-A0F7-6C0196D8EC9F}.Debug|Any CPU.ActiveCfg = Debug|Any CPU
		{F72370B9-8402-4B87-A0F7-6C0196D8EC9F}.Debug|Any CPU.Build.0 = Debug|Any CPU
		{F72370B9-8402-4B87-A0F7-6C0196D8EC9F}.Release|Any CPU.ActiveCfg = Release|Any CPU
		{F72370B9-8402-4B87-A0F7-6C0196D8EC9F}.Release|Any CPU.Build.0 = Release|Any CPU
		{7487288D-150D-4161-ABCA-EC94F6911715}.Debug|Any CPU.ActiveCfg = Debug|Any CPU
		{7487288D-150D-4161-ABCA-EC94F6911715}.Debug|Any CPU.Build.0 = Debug|Any CPU
		{7487288D-150D-4161-ABCA-EC94F6911715}.Release|Any CPU.ActiveCfg = Release|Any CPU
		{7487288D-150D-4161-ABCA-EC94F6911715}.Release|Any CPU.Build.0 = Release|Any CPU
		{1693577A-08AC-4634-9222-67CA6402DBE8}.Debug|Any CPU.ActiveCfg = Debug|Any CPU
		{1693577A-08AC-4634-9222-67CA6402DBE8}.Debug|Any CPU.Build.0 = Debug|Any CPU
		{1693577A-08AC-4634-9222-67CA6402DBE8}.Release|Any CPU.ActiveCfg = Release|Any CPU
		{1693577A-08AC-4634-9222-67CA6402DBE8}.Release|Any CPU.Build.0 = Release|Any CPU
		{E6160771-2C1B-4F7B-B172-7BC4DB18206F}.Debug|Any CPU.ActiveCfg = Debug|Any CPU
		{E6160771-2C1B-4F7B-B172-7BC4DB18206F}.Debug|Any CPU.Build.0 = Debug|Any CPU
		{E6160771-2C1B-4F7B-B172-7BC4DB18206F}.Release|Any CPU.ActiveCfg = Release|Any CPU
		{E6160771-2C1B-4F7B-B172-7BC4DB18206F}.Release|Any CPU.Build.0 = Release|Any CPU
		{02C14CE4-B243-4B34-8FC1-24974CAD38AA}.Debug|Any CPU.ActiveCfg = Debug|Any CPU
		{02C14CE4-B243-4B34-8FC1-24974CAD38AA}.Debug|Any CPU.Build.0 = Debug|Any CPU
		{02C14CE4-B243-4B34-8FC1-24974CAD38AA}.Release|Any CPU.ActiveCfg = Release|Any CPU
		{02C14CE4-B243-4B34-8FC1-24974CAD38AA}.Release|Any CPU.Build.0 = Release|Any CPU
		{A61B26BE-DA69-4686-8A2D-DD3BE2AA3744}.Debug|Any CPU.ActiveCfg = Debug|Any CPU
		{A61B26BE-DA69-4686-8A2D-DD3BE2AA3744}.Debug|Any CPU.Build.0 = Debug|Any CPU
		{A61B26BE-DA69-4686-8A2D-DD3BE2AA3744}.Release|Any CPU.ActiveCfg = Release|Any CPU
		{A61B26BE-DA69-4686-8A2D-DD3BE2AA3744}.Release|Any CPU.Build.0 = Release|Any CPU
		{DE112EF5-B44D-4663-9112-25869779FF97}.Debug|Any CPU.ActiveCfg = Debug|Any CPU
		{DE112EF5-B44D-4663-9112-25869779FF97}.Debug|Any CPU.Build.0 = Debug|Any CPU
		{DE112EF5-B44D-4663-9112-25869779FF97}.Release|Any CPU.ActiveCfg = Release|Any CPU
		{DE112EF5-B44D-4663-9112-25869779FF97}.Release|Any CPU.Build.0 = Release|Any CPU
		{6B1DF21C-C25A-4055-BF97-399B5F06D175}.Debug|Any CPU.ActiveCfg = Debug|Any CPU
		{6B1DF21C-C25A-4055-BF97-399B5F06D175}.Debug|Any CPU.Build.0 = Debug|Any CPU
		{6B1DF21C-C25A-4055-BF97-399B5F06D175}.Release|Any CPU.ActiveCfg = Release|Any CPU
		{6B1DF21C-C25A-4055-BF97-399B5F06D175}.Release|Any CPU.Build.0 = Release|Any CPU
		{162DF077-6398-41A4-BF80-CBA278D7ADD9}.Debug|Any CPU.ActiveCfg = Debug|Any CPU
		{162DF077-6398-41A4-BF80-CBA278D7ADD9}.Debug|Any CPU.Build.0 = Debug|Any CPU
		{162DF077-6398-41A4-BF80-CBA278D7ADD9}.Release|Any CPU.ActiveCfg = Release|Any CPU
		{162DF077-6398-41A4-BF80-CBA278D7ADD9}.Release|Any CPU.Build.0 = Release|Any CPU
		{122AA232-E338-4194-9E26-A985E919EDC8}.Debug|Any CPU.ActiveCfg = Debug|Any CPU
		{122AA232-E338-4194-9E26-A985E919EDC8}.Debug|Any CPU.Build.0 = Debug|Any CPU
		{122AA232-E338-4194-9E26-A985E919EDC8}.Release|Any CPU.ActiveCfg = Release|Any CPU
		{122AA232-E338-4194-9E26-A985E919EDC8}.Release|Any CPU.Build.0 = Release|Any CPU
		{C245876B-DDB7-4A43-8FDA-77227978FDF5}.Debug|Any CPU.ActiveCfg = Debug|Any CPU
		{C245876B-DDB7-4A43-8FDA-77227978FDF5}.Debug|Any CPU.Build.0 = Debug|Any CPU
		{C245876B-DDB7-4A43-8FDA-77227978FDF5}.Release|Any CPU.ActiveCfg = Release|Any CPU
		{C245876B-DDB7-4A43-8FDA-77227978FDF5}.Release|Any CPU.Build.0 = Release|Any CPU
		{6BF578C6-78B6-4D10-BD98-81E5543B3698}.Debug|Any CPU.ActiveCfg = Debug|Any CPU
		{6BF578C6-78B6-4D10-BD98-81E5543B3698}.Debug|Any CPU.Build.0 = Debug|Any CPU
		{6BF578C6-78B6-4D10-BD98-81E5543B3698}.Release|Any CPU.ActiveCfg = Release|Any CPU
		{6BF578C6-78B6-4D10-BD98-81E5543B3698}.Release|Any CPU.Build.0 = Release|Any CPU
		{276E354B-AB52-4951-98E4-FED8134057E6}.Debug|Any CPU.ActiveCfg = Debug|Any CPU
		{276E354B-AB52-4951-98E4-FED8134057E6}.Debug|Any CPU.Build.0 = Debug|Any CPU
		{276E354B-AB52-4951-98E4-FED8134057E6}.Release|Any CPU.ActiveCfg = Release|Any CPU
		{276E354B-AB52-4951-98E4-FED8134057E6}.Release|Any CPU.Build.0 = Release|Any CPU
		{2EDF5591-9DE2-4B8C-8097-72D64E03CA71}.Debug|Any CPU.ActiveCfg = Debug|Any CPU
		{2EDF5591-9DE2-4B8C-8097-72D64E03CA71}.Debug|Any CPU.Build.0 = Debug|Any CPU
		{2EDF5591-9DE2-4B8C-8097-72D64E03CA71}.Release|Any CPU.ActiveCfg = Release|Any CPU
		{2EDF5591-9DE2-4B8C-8097-72D64E03CA71}.Release|Any CPU.Build.0 = Release|Any CPU
		{A272F634-D61D-47A4-8800-D54CE7C3E111}.Debug|Any CPU.ActiveCfg = Debug|Any CPU
		{A272F634-D61D-47A4-8800-D54CE7C3E111}.Debug|Any CPU.Build.0 = Debug|Any CPU
		{A272F634-D61D-47A4-8800-D54CE7C3E111}.Release|Any CPU.ActiveCfg = Release|Any CPU
		{A272F634-D61D-47A4-8800-D54CE7C3E111}.Release|Any CPU.Build.0 = Release|Any CPU
		{0BE5DDD0-98C7-4FFB-B7E4-4A047C355D80}.Debug|Any CPU.ActiveCfg = Debug|Any CPU
		{0BE5DDD0-98C7-4FFB-B7E4-4A047C355D80}.Debug|Any CPU.Build.0 = Debug|Any CPU
		{0BE5DDD0-98C7-4FFB-B7E4-4A047C355D80}.Release|Any CPU.ActiveCfg = Release|Any CPU
		{0BE5DDD0-98C7-4FFB-B7E4-4A047C355D80}.Release|Any CPU.Build.0 = Release|Any CPU
		{F29511B5-B7DC-4930-A815-43183BD08799}.Debug|Any CPU.ActiveCfg = Debug|Any CPU
		{F29511B5-B7DC-4930-A815-43183BD08799}.Debug|Any CPU.Build.0 = Debug|Any CPU
		{F29511B5-B7DC-4930-A815-43183BD08799}.Release|Any CPU.ActiveCfg = Release|Any CPU
		{F29511B5-B7DC-4930-A815-43183BD08799}.Release|Any CPU.Build.0 = Release|Any CPU
		{181DBCEE-754E-4D9F-A864-43787F46AAED}.Debug|Any CPU.ActiveCfg = Debug|Any CPU
		{181DBCEE-754E-4D9F-A864-43787F46AAED}.Debug|Any CPU.Build.0 = Debug|Any CPU
		{181DBCEE-754E-4D9F-A864-43787F46AAED}.Release|Any CPU.ActiveCfg = Release|Any CPU
		{181DBCEE-754E-4D9F-A864-43787F46AAED}.Release|Any CPU.Build.0 = Release|Any CPU
		{401BDEB0-0607-4EA3-9C3C-D9A29EFAF794}.Debug|Any CPU.ActiveCfg = Debug|Any CPU
		{401BDEB0-0607-4EA3-9C3C-D9A29EFAF794}.Debug|Any CPU.Build.0 = Debug|Any CPU
		{401BDEB0-0607-4EA3-9C3C-D9A29EFAF794}.Release|Any CPU.ActiveCfg = Release|Any CPU
		{401BDEB0-0607-4EA3-9C3C-D9A29EFAF794}.Release|Any CPU.Build.0 = Release|Any CPU
		{D9A2F4BA-E1E5-45B4-8E76-66DB27650BB3}.Debug|Any CPU.ActiveCfg = Debug|Any CPU
		{D9A2F4BA-E1E5-45B4-8E76-66DB27650BB3}.Debug|Any CPU.Build.0 = Debug|Any CPU
		{D9A2F4BA-E1E5-45B4-8E76-66DB27650BB3}.Release|Any CPU.ActiveCfg = Release|Any CPU
		{D9A2F4BA-E1E5-45B4-8E76-66DB27650BB3}.Release|Any CPU.Build.0 = Release|Any CPU
		{45BE9238-6909-434F-974A-7419D4D77DC6}.Debug|Any CPU.ActiveCfg = Debug|Any CPU
		{45BE9238-6909-434F-974A-7419D4D77DC6}.Debug|Any CPU.Build.0 = Debug|Any CPU
		{45BE9238-6909-434F-974A-7419D4D77DC6}.Release|Any CPU.ActiveCfg = Release|Any CPU
		{45BE9238-6909-434F-974A-7419D4D77DC6}.Release|Any CPU.Build.0 = Release|Any CPU
		{4AB41B85-A486-4E67-8A94-09622BC0B063}.Debug|Any CPU.ActiveCfg = Debug|Any CPU
		{4AB41B85-A486-4E67-8A94-09622BC0B063}.Debug|Any CPU.Build.0 = Debug|Any CPU
		{4AB41B85-A486-4E67-8A94-09622BC0B063}.Release|Any CPU.ActiveCfg = Release|Any CPU
		{4AB41B85-A486-4E67-8A94-09622BC0B063}.Release|Any CPU.Build.0 = Release|Any CPU
		{BEDEFC52-63BF-487F-98E0-2D706C828750}.Debug|Any CPU.ActiveCfg = Debug|Any CPU
		{BEDEFC52-63BF-487F-98E0-2D706C828750}.Debug|Any CPU.Build.0 = Debug|Any CPU
		{BEDEFC52-63BF-487F-98E0-2D706C828750}.Release|Any CPU.ActiveCfg = Release|Any CPU
		{BEDEFC52-63BF-487F-98E0-2D706C828750}.Release|Any CPU.Build.0 = Release|Any CPU
		{F2A41DF9-DDC2-4340-90AE-A8178CEDB68B}.Debug|Any CPU.ActiveCfg = Debug|Any CPU
		{F2A41DF9-DDC2-4340-90AE-A8178CEDB68B}.Debug|Any CPU.Build.0 = Debug|Any CPU
		{F2A41DF9-DDC2-4340-90AE-A8178CEDB68B}.Release|Any CPU.ActiveCfg = Release|Any CPU
		{F2A41DF9-DDC2-4340-90AE-A8178CEDB68B}.Release|Any CPU.Build.0 = Release|Any CPU
		{74462A09-7F74-40A4-83D0-A6E107F57D06}.Debug|Any CPU.ActiveCfg = Debug|Any CPU
		{74462A09-7F74-40A4-83D0-A6E107F57D06}.Debug|Any CPU.Build.0 = Debug|Any CPU
		{74462A09-7F74-40A4-83D0-A6E107F57D06}.Release|Any CPU.ActiveCfg = Release|Any CPU
		{74462A09-7F74-40A4-83D0-A6E107F57D06}.Release|Any CPU.Build.0 = Release|Any CPU
		{8F1F68F9-A338-4BBB-A116-ABB295ECDE25}.Debug|Any CPU.ActiveCfg = Debug|Any CPU
		{8F1F68F9-A338-4BBB-A116-ABB295ECDE25}.Debug|Any CPU.Build.0 = Debug|Any CPU
		{8F1F68F9-A338-4BBB-A116-ABB295ECDE25}.Release|Any CPU.ActiveCfg = Release|Any CPU
		{8F1F68F9-A338-4BBB-A116-ABB295ECDE25}.Release|Any CPU.Build.0 = Release|Any CPU
		{C0D8C51A-F5DA-4B89-911D-399ABBF789C3}.Debug|Any CPU.ActiveCfg = Debug|Any CPU
		{C0D8C51A-F5DA-4B89-911D-399ABBF789C3}.Debug|Any CPU.Build.0 = Debug|Any CPU
		{C0D8C51A-F5DA-4B89-911D-399ABBF789C3}.Release|Any CPU.ActiveCfg = Release|Any CPU
		{C0D8C51A-F5DA-4B89-911D-399ABBF789C3}.Release|Any CPU.Build.0 = Release|Any CPU
		{AA6F2191-0C99-4246-80C3-AFE70F5BFE50}.Debug|Any CPU.ActiveCfg = Debug|Any CPU
		{AA6F2191-0C99-4246-80C3-AFE70F5BFE50}.Debug|Any CPU.Build.0 = Debug|Any CPU
		{AA6F2191-0C99-4246-80C3-AFE70F5BFE50}.Release|Any CPU.ActiveCfg = Release|Any CPU
		{AA6F2191-0C99-4246-80C3-AFE70F5BFE50}.Release|Any CPU.Build.0 = Release|Any CPU
		{48AA269C-7409-40B4-9AD6-68AB8361A4E0}.Debug|Any CPU.ActiveCfg = Debug|Any CPU
		{48AA269C-7409-40B4-9AD6-68AB8361A4E0}.Debug|Any CPU.Build.0 = Debug|Any CPU
		{48AA269C-7409-40B4-9AD6-68AB8361A4E0}.Release|Any CPU.ActiveCfg = Release|Any CPU
		{48AA269C-7409-40B4-9AD6-68AB8361A4E0}.Release|Any CPU.Build.0 = Release|Any CPU
		{1582979A-FA07-4D1C-A909-CAA158930318}.Debug|Any CPU.ActiveCfg = Debug|Any CPU
		{1582979A-FA07-4D1C-A909-CAA158930318}.Debug|Any CPU.Build.0 = Debug|Any CPU
		{1582979A-FA07-4D1C-A909-CAA158930318}.Release|Any CPU.ActiveCfg = Release|Any CPU
		{1582979A-FA07-4D1C-A909-CAA158930318}.Release|Any CPU.Build.0 = Release|Any CPU
		{5878621A-A7FF-43D2-9FC7-7D8A24A8D6E9}.Debug|Any CPU.ActiveCfg = Debug|Any CPU
		{5878621A-A7FF-43D2-9FC7-7D8A24A8D6E9}.Debug|Any CPU.Build.0 = Debug|Any CPU
		{5878621A-A7FF-43D2-9FC7-7D8A24A8D6E9}.Release|Any CPU.ActiveCfg = Release|Any CPU
		{5878621A-A7FF-43D2-9FC7-7D8A24A8D6E9}.Release|Any CPU.Build.0 = Release|Any CPU
		{1B9E0F9C-0F14-4530-812C-15CFBDCB1DA1}.Debug|Any CPU.ActiveCfg = Debug|Any CPU
		{1B9E0F9C-0F14-4530-812C-15CFBDCB1DA1}.Debug|Any CPU.Build.0 = Debug|Any CPU
		{1B9E0F9C-0F14-4530-812C-15CFBDCB1DA1}.Release|Any CPU.ActiveCfg = Release|Any CPU
		{1B9E0F9C-0F14-4530-812C-15CFBDCB1DA1}.Release|Any CPU.Build.0 = Release|Any CPU
		{5B91A90B-821F-46ED-BC05-E714F9408CF1}.Debug|Any CPU.ActiveCfg = Debug|Any CPU
		{5B91A90B-821F-46ED-BC05-E714F9408CF1}.Debug|Any CPU.Build.0 = Debug|Any CPU
		{5B91A90B-821F-46ED-BC05-E714F9408CF1}.Release|Any CPU.ActiveCfg = Release|Any CPU
		{5B91A90B-821F-46ED-BC05-E714F9408CF1}.Release|Any CPU.Build.0 = Release|Any CPU
		{18A6CD05-363E-44F0-89F7-323D35C52BD6}.Debug|Any CPU.ActiveCfg = Debug|Any CPU
		{18A6CD05-363E-44F0-89F7-323D35C52BD6}.Debug|Any CPU.Build.0 = Debug|Any CPU
		{18A6CD05-363E-44F0-89F7-323D35C52BD6}.Release|Any CPU.ActiveCfg = Release|Any CPU
		{18A6CD05-363E-44F0-89F7-323D35C52BD6}.Release|Any CPU.Build.0 = Release|Any CPU
		{EEF950EC-33D7-42EE-A2E1-96D3788BE1BE}.Debug|Any CPU.ActiveCfg = Debug|Any CPU
		{EEF950EC-33D7-42EE-A2E1-96D3788BE1BE}.Debug|Any CPU.Build.0 = Debug|Any CPU
		{EEF950EC-33D7-42EE-A2E1-96D3788BE1BE}.Release|Any CPU.ActiveCfg = Release|Any CPU
		{EEF950EC-33D7-42EE-A2E1-96D3788BE1BE}.Release|Any CPU.Build.0 = Release|Any CPU
		{AB3BB2CF-8FDB-4D6C-A8B8-DE90D51361F8}.Debug|Any CPU.ActiveCfg = Debug|Any CPU
		{AB3BB2CF-8FDB-4D6C-A8B8-DE90D51361F8}.Debug|Any CPU.Build.0 = Debug|Any CPU
		{AB3BB2CF-8FDB-4D6C-A8B8-DE90D51361F8}.Release|Any CPU.ActiveCfg = Release|Any CPU
		{AB3BB2CF-8FDB-4D6C-A8B8-DE90D51361F8}.Release|Any CPU.Build.0 = Release|Any CPU
		{706D00A7-72F7-418F-B556-3284C26FEAC8}.Debug|Any CPU.ActiveCfg = Debug|Any CPU
		{706D00A7-72F7-418F-B556-3284C26FEAC8}.Debug|Any CPU.Build.0 = Debug|Any CPU
		{706D00A7-72F7-418F-B556-3284C26FEAC8}.Release|Any CPU.ActiveCfg = Release|Any CPU
		{706D00A7-72F7-418F-B556-3284C26FEAC8}.Release|Any CPU.Build.0 = Release|Any CPU
		{802DD0A8-04BE-4CCC-8A48-FA857C8E9C46}.Debug|Any CPU.ActiveCfg = Debug|Any CPU
		{802DD0A8-04BE-4CCC-8A48-FA857C8E9C46}.Debug|Any CPU.Build.0 = Debug|Any CPU
		{802DD0A8-04BE-4CCC-8A48-FA857C8E9C46}.Release|Any CPU.ActiveCfg = Release|Any CPU
		{802DD0A8-04BE-4CCC-8A48-FA857C8E9C46}.Release|Any CPU.Build.0 = Release|Any CPU
		{AE3CC068-794E-4A14-A20F-E5B85C2434EF}.Debug|Any CPU.ActiveCfg = Debug|Any CPU
		{AE3CC068-794E-4A14-A20F-E5B85C2434EF}.Debug|Any CPU.Build.0 = Debug|Any CPU
		{AE3CC068-794E-4A14-A20F-E5B85C2434EF}.Release|Any CPU.ActiveCfg = Release|Any CPU
		{AE3CC068-794E-4A14-A20F-E5B85C2434EF}.Release|Any CPU.Build.0 = Release|Any CPU
		{E3C1BB5E-62BC-45D1-920B-03BFC2AA1908}.Debug|Any CPU.ActiveCfg = Debug|Any CPU
		{E3C1BB5E-62BC-45D1-920B-03BFC2AA1908}.Debug|Any CPU.Build.0 = Debug|Any CPU
		{E3C1BB5E-62BC-45D1-920B-03BFC2AA1908}.Release|Any CPU.ActiveCfg = Release|Any CPU
		{E3C1BB5E-62BC-45D1-920B-03BFC2AA1908}.Release|Any CPU.Build.0 = Release|Any CPU
		{586F7A38-94E4-475C-B370-68A932B7D38A}.Debug|Any CPU.ActiveCfg = Debug|Any CPU
		{586F7A38-94E4-475C-B370-68A932B7D38A}.Debug|Any CPU.Build.0 = Debug|Any CPU
		{586F7A38-94E4-475C-B370-68A932B7D38A}.Release|Any CPU.ActiveCfg = Release|Any CPU
		{586F7A38-94E4-475C-B370-68A932B7D38A}.Release|Any CPU.Build.0 = Release|Any CPU
		{D6ECED8B-E52C-461C-9E86-852E89530B12}.Debug|Any CPU.ActiveCfg = Debug|Any CPU
		{D6ECED8B-E52C-461C-9E86-852E89530B12}.Debug|Any CPU.Build.0 = Debug|Any CPU
		{D6ECED8B-E52C-461C-9E86-852E89530B12}.Release|Any CPU.ActiveCfg = Release|Any CPU
		{D6ECED8B-E52C-461C-9E86-852E89530B12}.Release|Any CPU.Build.0 = Release|Any CPU
		{86E3EC5F-A1F3-455A-BB76-C3C32A89184E}.Debug|Any CPU.ActiveCfg = Debug|Any CPU
		{86E3EC5F-A1F3-455A-BB76-C3C32A89184E}.Debug|Any CPU.Build.0 = Debug|Any CPU
		{86E3EC5F-A1F3-455A-BB76-C3C32A89184E}.Release|Any CPU.ActiveCfg = Release|Any CPU
		{86E3EC5F-A1F3-455A-BB76-C3C32A89184E}.Release|Any CPU.Build.0 = Release|Any CPU
		{087817AE-D39A-48BD-AEBE-EB91DAF17569}.Debug|Any CPU.ActiveCfg = Debug|Any CPU
		{087817AE-D39A-48BD-AEBE-EB91DAF17569}.Debug|Any CPU.Build.0 = Debug|Any CPU
		{087817AE-D39A-48BD-AEBE-EB91DAF17569}.Release|Any CPU.ActiveCfg = Release|Any CPU
		{087817AE-D39A-48BD-AEBE-EB91DAF17569}.Release|Any CPU.Build.0 = Release|Any CPU
		{A1741245-B61B-4E62-819B-AC8D90C2729E}.Debug|Any CPU.ActiveCfg = Debug|Any CPU
		{A1741245-B61B-4E62-819B-AC8D90C2729E}.Debug|Any CPU.Build.0 = Debug|Any CPU
		{A1741245-B61B-4E62-819B-AC8D90C2729E}.Release|Any CPU.ActiveCfg = Release|Any CPU
		{A1741245-B61B-4E62-819B-AC8D90C2729E}.Release|Any CPU.Build.0 = Release|Any CPU
		{2BF7AAEE-645C-4805-8573-BDDCE2CEDF86}.Debug|Any CPU.ActiveCfg = Debug|Any CPU
		{2BF7AAEE-645C-4805-8573-BDDCE2CEDF86}.Debug|Any CPU.Build.0 = Debug|Any CPU
		{2BF7AAEE-645C-4805-8573-BDDCE2CEDF86}.Release|Any CPU.ActiveCfg = Release|Any CPU
		{2BF7AAEE-645C-4805-8573-BDDCE2CEDF86}.Release|Any CPU.Build.0 = Release|Any CPU
		{8C723E39-A296-4A15-AED9-BC85412E96CD}.Debug|Any CPU.ActiveCfg = Debug|Any CPU
		{8C723E39-A296-4A15-AED9-BC85412E96CD}.Debug|Any CPU.Build.0 = Debug|Any CPU
		{8C723E39-A296-4A15-AED9-BC85412E96CD}.Release|Any CPU.ActiveCfg = Release|Any CPU
		{8C723E39-A296-4A15-AED9-BC85412E96CD}.Release|Any CPU.Build.0 = Release|Any CPU
		{D260B0FA-AE84-4757-8B7F-F4E79696402D}.Debug|Any CPU.ActiveCfg = Debug|Any CPU
		{D260B0FA-AE84-4757-8B7F-F4E79696402D}.Debug|Any CPU.Build.0 = Debug|Any CPU
		{D260B0FA-AE84-4757-8B7F-F4E79696402D}.Release|Any CPU.ActiveCfg = Release|Any CPU
		{D260B0FA-AE84-4757-8B7F-F4E79696402D}.Release|Any CPU.Build.0 = Release|Any CPU
		{4CC33814-2C3F-46AE-ADC7-10164D0C78B7}.Debug|Any CPU.ActiveCfg = Debug|Any CPU
		{4CC33814-2C3F-46AE-ADC7-10164D0C78B7}.Debug|Any CPU.Build.0 = Debug|Any CPU
		{4CC33814-2C3F-46AE-ADC7-10164D0C78B7}.Release|Any CPU.ActiveCfg = Release|Any CPU
		{4CC33814-2C3F-46AE-ADC7-10164D0C78B7}.Release|Any CPU.Build.0 = Release|Any CPU
		{6111096B-8C5A-4F96-9CF5-63C5880DC394}.Debug|Any CPU.ActiveCfg = Debug|Any CPU
		{6111096B-8C5A-4F96-9CF5-63C5880DC394}.Debug|Any CPU.Build.0 = Debug|Any CPU
		{6111096B-8C5A-4F96-9CF5-63C5880DC394}.Release|Any CPU.ActiveCfg = Release|Any CPU
		{6111096B-8C5A-4F96-9CF5-63C5880DC394}.Release|Any CPU.Build.0 = Release|Any CPU
		{B7792479-01A9-4970-ACA2-D0A9D9682054}.Debug|Any CPU.ActiveCfg = Debug|Any CPU
		{B7792479-01A9-4970-ACA2-D0A9D9682054}.Debug|Any CPU.Build.0 = Debug|Any CPU
		{B7792479-01A9-4970-ACA2-D0A9D9682054}.Release|Any CPU.ActiveCfg = Release|Any CPU
		{B7792479-01A9-4970-ACA2-D0A9D9682054}.Release|Any CPU.Build.0 = Release|Any CPU
		{1AA6273D-BE51-4CAF-A525-1F6933A5F65F}.Debug|Any CPU.ActiveCfg = Debug|Any CPU
		{1AA6273D-BE51-4CAF-A525-1F6933A5F65F}.Debug|Any CPU.Build.0 = Debug|Any CPU
		{1AA6273D-BE51-4CAF-A525-1F6933A5F65F}.Release|Any CPU.ActiveCfg = Release|Any CPU
		{1AA6273D-BE51-4CAF-A525-1F6933A5F65F}.Release|Any CPU.Build.0 = Release|Any CPU
		{E2F89369-0CDE-4B21-8FFA-1F9B737C2446}.Debug|Any CPU.ActiveCfg = Debug|Any CPU
		{E2F89369-0CDE-4B21-8FFA-1F9B737C2446}.Debug|Any CPU.Build.0 = Debug|Any CPU
		{E2F89369-0CDE-4B21-8FFA-1F9B737C2446}.Release|Any CPU.ActiveCfg = Release|Any CPU
		{E2F89369-0CDE-4B21-8FFA-1F9B737C2446}.Release|Any CPU.Build.0 = Release|Any CPU
		{FC32C1FC-A437-4C7E-93F7-25479BE84756}.Debug|Any CPU.ActiveCfg = Debug|Any CPU
		{FC32C1FC-A437-4C7E-93F7-25479BE84756}.Debug|Any CPU.Build.0 = Debug|Any CPU
		{FC32C1FC-A437-4C7E-93F7-25479BE84756}.Release|Any CPU.ActiveCfg = Release|Any CPU
		{FC32C1FC-A437-4C7E-93F7-25479BE84756}.Release|Any CPU.Build.0 = Release|Any CPU
		{53ABD450-A619-49B1-ABC2-681BC3DCE433}.Debug|Any CPU.ActiveCfg = Debug|Any CPU
		{53ABD450-A619-49B1-ABC2-681BC3DCE433}.Debug|Any CPU.Build.0 = Debug|Any CPU
		{53ABD450-A619-49B1-ABC2-681BC3DCE433}.Release|Any CPU.ActiveCfg = Release|Any CPU
		{53ABD450-A619-49B1-ABC2-681BC3DCE433}.Release|Any CPU.Build.0 = Release|Any CPU
		{FA5F723F-67FE-4692-9339-97C132CAB87B}.Debug|Any CPU.ActiveCfg = Debug|Any CPU
		{FA5F723F-67FE-4692-9339-97C132CAB87B}.Debug|Any CPU.Build.0 = Debug|Any CPU
		{FA5F723F-67FE-4692-9339-97C132CAB87B}.Release|Any CPU.ActiveCfg = Release|Any CPU
		{FA5F723F-67FE-4692-9339-97C132CAB87B}.Release|Any CPU.Build.0 = Release|Any CPU
		{A9295208-82A5-42DE-AD63-8601BB9DF78F}.Debug|Any CPU.ActiveCfg = Debug|Any CPU
		{A9295208-82A5-42DE-AD63-8601BB9DF78F}.Debug|Any CPU.Build.0 = Debug|Any CPU
		{A9295208-82A5-42DE-AD63-8601BB9DF78F}.Release|Any CPU.ActiveCfg = Release|Any CPU
		{A9295208-82A5-42DE-AD63-8601BB9DF78F}.Release|Any CPU.Build.0 = Release|Any CPU
		{B738B5A3-6725-4273-BD62-E7DE0851AE2F}.Debug|Any CPU.ActiveCfg = Debug|Any CPU
		{B738B5A3-6725-4273-BD62-E7DE0851AE2F}.Debug|Any CPU.Build.0 = Debug|Any CPU
		{B738B5A3-6725-4273-BD62-E7DE0851AE2F}.Release|Any CPU.ActiveCfg = Release|Any CPU
		{B738B5A3-6725-4273-BD62-E7DE0851AE2F}.Release|Any CPU.Build.0 = Release|Any CPU
	EndGlobalSection
	GlobalSection(SolutionProperties) = preSolution
		HideSolutionNode = FALSE
	EndGlobalSection
	GlobalSection(NestedProjects) = preSolution
		{C1B5D598-21A7-4998-A49F-1CC47813B36A} = {FCFFA110-3A54-4A13-B7D5-7EDA1130844A}
		{2BD47415-0E1C-4D6C-A010-A865CC605BDA} = {FCFFA110-3A54-4A13-B7D5-7EDA1130844A}
		{F72370B9-8402-4B87-A0F7-6C0196D8EC9F} = {FCFFA110-3A54-4A13-B7D5-7EDA1130844A}
		{7487288D-150D-4161-ABCA-EC94F6911715} = {FCFFA110-3A54-4A13-B7D5-7EDA1130844A}
		{1693577A-08AC-4634-9222-67CA6402DBE8} = {FCFFA110-3A54-4A13-B7D5-7EDA1130844A}
		{E6160771-2C1B-4F7B-B172-7BC4DB18206F} = {FCFFA110-3A54-4A13-B7D5-7EDA1130844A}
		{02C14CE4-B243-4B34-8FC1-24974CAD38AA} = {FCFFA110-3A54-4A13-B7D5-7EDA1130844A}
		{A61B26BE-DA69-4686-8A2D-DD3BE2AA3744} = {FCFFA110-3A54-4A13-B7D5-7EDA1130844A}
		{DE112EF5-B44D-4663-9112-25869779FF97} = {FCFFA110-3A54-4A13-B7D5-7EDA1130844A}
		{6B1DF21C-C25A-4055-BF97-399B5F06D175} = {FCFFA110-3A54-4A13-B7D5-7EDA1130844A}
		{162DF077-6398-41A4-BF80-CBA278D7ADD9} = {FCFFA110-3A54-4A13-B7D5-7EDA1130844A}
		{122AA232-E338-4194-9E26-A985E919EDC8} = {FCFFA110-3A54-4A13-B7D5-7EDA1130844A}
		{C245876B-DDB7-4A43-8FDA-77227978FDF5} = {FCFFA110-3A54-4A13-B7D5-7EDA1130844A}
		{6BF578C6-78B6-4D10-BD98-81E5543B3698} = {FCFFA110-3A54-4A13-B7D5-7EDA1130844A}
		{276E354B-AB52-4951-98E4-FED8134057E6} = {FCFFA110-3A54-4A13-B7D5-7EDA1130844A}
		{2EDF5591-9DE2-4B8C-8097-72D64E03CA71} = {FCFFA110-3A54-4A13-B7D5-7EDA1130844A}
		{A272F634-D61D-47A4-8800-D54CE7C3E111} = {FCFFA110-3A54-4A13-B7D5-7EDA1130844A}
		{0BE5DDD0-98C7-4FFB-B7E4-4A047C355D80} = {FCFFA110-3A54-4A13-B7D5-7EDA1130844A}
		{F29511B5-B7DC-4930-A815-43183BD08799} = {FCFFA110-3A54-4A13-B7D5-7EDA1130844A}
		{181DBCEE-754E-4D9F-A864-43787F46AAED} = {FCFFA110-3A54-4A13-B7D5-7EDA1130844A}
		{401BDEB0-0607-4EA3-9C3C-D9A29EFAF794} = {FCFFA110-3A54-4A13-B7D5-7EDA1130844A}
		{D9A2F4BA-E1E5-45B4-8E76-66DB27650BB3} = {FCFFA110-3A54-4A13-B7D5-7EDA1130844A}
		{45BE9238-6909-434F-974A-7419D4D77DC6} = {FCFFA110-3A54-4A13-B7D5-7EDA1130844A}
		{4AB41B85-A486-4E67-8A94-09622BC0B063} = {FCFFA110-3A54-4A13-B7D5-7EDA1130844A}
		{BEDEFC52-63BF-487F-98E0-2D706C828750} = {FCFFA110-3A54-4A13-B7D5-7EDA1130844A}
		{F2A41DF9-DDC2-4340-90AE-A8178CEDB68B} = {FCFFA110-3A54-4A13-B7D5-7EDA1130844A}
		{74462A09-7F74-40A4-83D0-A6E107F57D06} = {FCFFA110-3A54-4A13-B7D5-7EDA1130844A}
		{8F1F68F9-A338-4BBB-A116-ABB295ECDE25} = {62773A41-5272-44A3-BBDC-143F6C0C09CD}
		{C0D8C51A-F5DA-4B89-911D-399ABBF789C3} = {62773A41-5272-44A3-BBDC-143F6C0C09CD}
		{AA6F2191-0C99-4246-80C3-AFE70F5BFE50} = {62773A41-5272-44A3-BBDC-143F6C0C09CD}
		{48AA269C-7409-40B4-9AD6-68AB8361A4E0} = {62773A41-5272-44A3-BBDC-143F6C0C09CD}
		{1582979A-FA07-4D1C-A909-CAA158930318} = {62773A41-5272-44A3-BBDC-143F6C0C09CD}
		{5878621A-A7FF-43D2-9FC7-7D8A24A8D6E9} = {62773A41-5272-44A3-BBDC-143F6C0C09CD}
		{1B9E0F9C-0F14-4530-812C-15CFBDCB1DA1} = {62773A41-5272-44A3-BBDC-143F6C0C09CD}
		{5B91A90B-821F-46ED-BC05-E714F9408CF1} = {62773A41-5272-44A3-BBDC-143F6C0C09CD}
		{18A6CD05-363E-44F0-89F7-323D35C52BD6} = {62773A41-5272-44A3-BBDC-143F6C0C09CD}
		{EEF950EC-33D7-42EE-A2E1-96D3788BE1BE} = {62773A41-5272-44A3-BBDC-143F6C0C09CD}
		{AB3BB2CF-8FDB-4D6C-A8B8-DE90D51361F8} = {62773A41-5272-44A3-BBDC-143F6C0C09CD}
		{706D00A7-72F7-418F-B556-3284C26FEAC8} = {62773A41-5272-44A3-BBDC-143F6C0C09CD}
		{802DD0A8-04BE-4CCC-8A48-FA857C8E9C46} = {62773A41-5272-44A3-BBDC-143F6C0C09CD}
		{AE3CC068-794E-4A14-A20F-E5B85C2434EF} = {62773A41-5272-44A3-BBDC-143F6C0C09CD}
		{E3C1BB5E-62BC-45D1-920B-03BFC2AA1908} = {62773A41-5272-44A3-BBDC-143F6C0C09CD}
		{586F7A38-94E4-475C-B370-68A932B7D38A} = {62773A41-5272-44A3-BBDC-143F6C0C09CD}
		{D6ECED8B-E52C-461C-9E86-852E89530B12} = {62773A41-5272-44A3-BBDC-143F6C0C09CD}
		{86E3EC5F-A1F3-455A-BB76-C3C32A89184E} = {62773A41-5272-44A3-BBDC-143F6C0C09CD}
		{087817AE-D39A-48BD-AEBE-EB91DAF17569} = {62773A41-5272-44A3-BBDC-143F6C0C09CD}
		{A1741245-B61B-4E62-819B-AC8D90C2729E} = {62773A41-5272-44A3-BBDC-143F6C0C09CD}
		{2BF7AAEE-645C-4805-8573-BDDCE2CEDF86} = {62773A41-5272-44A3-BBDC-143F6C0C09CD}
		{8C723E39-A296-4A15-AED9-BC85412E96CD} = {62773A41-5272-44A3-BBDC-143F6C0C09CD}
		{D260B0FA-AE84-4757-8B7F-F4E79696402D} = {62773A41-5272-44A3-BBDC-143F6C0C09CD}
		{4CC33814-2C3F-46AE-ADC7-10164D0C78B7} = {62773A41-5272-44A3-BBDC-143F6C0C09CD}
		{6111096B-8C5A-4F96-9CF5-63C5880DC394} = {62773A41-5272-44A3-BBDC-143F6C0C09CD}
		{B7792479-01A9-4970-ACA2-D0A9D9682054} = {62773A41-5272-44A3-BBDC-143F6C0C09CD}
		{1AA6273D-BE51-4CAF-A525-1F6933A5F65F} = {62773A41-5272-44A3-BBDC-143F6C0C09CD}
		{E2F89369-0CDE-4B21-8FFA-1F9B737C2446} = {62773A41-5272-44A3-BBDC-143F6C0C09CD}
		{FC32C1FC-A437-4C7E-93F7-25479BE84756} = {62773A41-5272-44A3-BBDC-143F6C0C09CD}
		{53ABD450-A619-49B1-ABC2-681BC3DCE433} = {62773A41-5272-44A3-BBDC-143F6C0C09CD}
		{FA5F723F-67FE-4692-9339-97C132CAB87B} = {62773A41-5272-44A3-BBDC-143F6C0C09CD}
		{A9295208-82A5-42DE-AD63-8601BB9DF78F} = {62773A41-5272-44A3-BBDC-143F6C0C09CD}
		{B738B5A3-6725-4273-BD62-E7DE0851AE2F} = {62773A41-5272-44A3-BBDC-143F6C0C09CD}
	EndGlobalSection
	GlobalSection(ExtensibilityGlobals) = postSolution
		SolutionGuid = {7075F515-1E38-449E-901F-86C831FFF351}
	EndGlobalSection
EndGlobal
