
Microsoft Visual Studio Solution File, Format Version 12.00
# Visual Studio Version 17
VisualStudioVersion = 17.8.34330.188
MinimumVisualStudioVersion = 10.0.40219.1
Project("{FAE04EC0-301F-11D3-BF4B-00C04F79EFBC}") = "06_NullableTypeEx", "NullableTypeEx\06_NullableTypeEx.csproj", "{C1B5D598-21A7-4998-A49F-1CC47813B36A}"
EndProject
Project("{FAE04EC0-301F-11D3-BF4B-00C04F79EFBC}") = "07_ValueRefTypeEx", "ValueRefTypeEx\07_ValueRefTypeEx.csproj", "{2BD47415-0E1C-4D6C-A010-A865CC605BDA}"
EndProject
Project("{FAE04EC0-301F-11D3-BF4B-00C04F79EFBC}") = "08_BoxUnBoxEx", "BoxUnBoxEx\08_BoxUnBoxEx.csproj", "{F72370B9-8402-4B87-A0F7-6C0196D8EC9F}"
EndProject
Project("{FAE04EC0-301F-11D3-BF4B-00C04F79EFBC}") = "09_ConvertTypeEx", "ConvertTypeEx\09_ConvertTypeEx.csproj", "{7487288D-150D-4161-ABCA-EC94F6911715}"
EndProject
Project("{FAE04EC0-301F-11D3-BF4B-00C04F79EFBC}") = "09_ConvertTypeEx2", "09_ConvertTypeEx2\09_ConvertTypeEx2.csproj", "{1693577A-08AC-4634-9222-67CA6402DBE8}"
EndProject
Project("{FAE04EC0-301F-11D3-BF4B-00C04F79EFBC}") = "10_ConvertTypeEx3", "10_ConvertTypeEx3\10_ConvertTypeEx3.csproj", "{E6160771-2C1B-4F7B-B172-7BC4DB18206F}"
EndProject
Project("{FAE04EC0-301F-11D3-BF4B-00C04F79EFBC}") = "11_ConvertTypeEx4", "ConvertTypeEx4\11_ConvertTypeEx4.csproj", "{02C14CE4-B243-4B34-8FC1-24974CAD38AA}"
EndProject
Project("{FAE04EC0-301F-11D3-BF4B-00C04F79EFBC}") = "12_ConstantsEx", "12_ConstantEx\12_ConstantsEx.csproj", "{A61B26BE-DA69-4686-8A2D-DD3BE2AA3744}"
EndProject
Project("{FAE04EC0-301F-11D3-BF4B-00C04F79EFBC}") = "12_EnumTypeEx", "13_EnumTypeEx\12_EnumTypeEx.csproj", "{DE112EF5-B44D-4663-9112-25869779FF97}"
EndProject
Project("{FAE04EC0-301F-11D3-BF4B-00C04F79EFBC}") = "13_OperatorEx", "14_OperatorEx\13_OperatorEx.csproj", "{6B1DF21C-C25A-4055-BF97-399B5F06D175}"
EndProject
Project("{FAE04EC0-301F-11D3-BF4B-00C04F79EFBC}") = "14_OperatorEx2", "OperatorEx2\14_OperatorEx2.csproj", "{162DF077-6398-41A4-BF80-CBA278D7ADD9}"
EndProject
Project("{FAE04EC0-301F-11D3-BF4B-00C04F79EFBC}") = "14_OperatorEx3", "OperatorEx3\14_OperatorEx3.csproj", "{122AA232-E338-4194-9E26-A985E919EDC8}"
EndProject
Project("{FAE04EC0-301F-11D3-BF4B-00C04F79EFBC}") = "14_OperatorEx4", "OperatorEx4\14_OperatorEx4.csproj", "{C245876B-DDB7-4A43-8FDA-77227978FDF5}"
EndProject
Project("{FAE04EC0-301F-11D3-BF4B-00C04F79EFBC}") = "16_IfElseEx", "16_IfElseEx\16_IfElseEx.csproj", "{6BF578C6-78B6-4D10-BD98-81E5543B3698}"
EndProject
Project("{FAE04EC0-301F-11D3-BF4B-00C04F79EFBC}") = "16_SwitchEx", "16_SwitchEx\16_SwitchEx.csproj", "{276E354B-AB52-4951-98E4-FED8134057E6}"
EndProject
Project("{FAE04EC0-301F-11D3-BF4B-00C04F79EFBC}") = "17_1_LoopEx", "LoopEx\17_1_LoopEx.csproj", "{2EDF5591-9DE2-4B8C-8097-72D64E03CA71}"
EndProject
Project("{FAE04EC0-301F-11D3-BF4B-00C04F79EFBC}") = "17_2_ControlEx", "ControlEx\17_2_ControlEx.csproj", "{A272F634-D61D-47A4-8800-D54CE7C3E111}"
EndProject
Project("{FAE04EC0-301F-11D3-BF4B-00C04F79EFBC}") = "18_ArrayEx", "ArrayEx\18_ArrayEx.csproj", "{0BE5DDD0-98C7-4FFB-B7E4-4A047C355D80}"
EndProject
Project("{FAE04EC0-301F-11D3-BF4B-00C04F79EFBC}") = "19_1_ArrayEx2", "ArrayEx2\19_1_ArrayEx2.csproj", "{F29511B5-B7DC-4930-A815-43183BD08799}"
EndProject
Project("{FAE04EC0-301F-11D3-BF4B-00C04F79EFBC}") = "19_2_forforEx", "forforEx\19_2_forforEx.csproj", "{181DBCEE-754E-4D9F-A864-43787F46AAED}"
EndProject
Project("{FAE04EC0-301F-11D3-BF4B-00C04F79EFBC}") = "20_JaggedArrEx", "JaggedArrEx\20_JaggedArrEx.csproj", "{401BDEB0-0607-4EA3-9C3C-D9A29EFAF794}"
EndProject
Project("{FAE04EC0-301F-11D3-BF4B-00C04F79EFBC}") = "21_MethodEx", "MethodEx\21_MethodEx.csproj", "{D9A2F4BA-E1E5-45B4-8E76-66DB27650BB3}"
EndProject
Project("{FAE04EC0-301F-11D3-BF4B-00C04F79EFBC}") = "22_1_ParameterEx", "ParameterEx\22_1_ParameterEx.csproj", "{45BE9238-6909-434F-974A-7419D4D77DC6}"
EndProject
Project("{FAE04EC0-301F-11D3-BF4B-00C04F79EFBC}") = "23_1_OverloadingEx", "OverloadingEx\23_1_OverloadingEx.csproj", "{4AB41B85-A486-4E67-8A94-09622BC0B063}"
EndProject
Project("{FAE04EC0-301F-11D3-BF4B-00C04F79EFBC}") = "23_2_DefaultParameterEx", "DefaultParameterEx\23_2_DefaultParameterEx.csproj", "{BEDEFC52-63BF-487F-98E0-2D706C828750}"
EndProject
Global
	GlobalSection(SolutionConfigurationPlatforms) = preSolution
		Debug|Any CPU = Debug|Any CPU
		Release|Any CPU = Release|Any CPU
	EndGlobalSection
	GlobalSection(ProjectConfigurationPlatforms) = postSolution
		{C1B5D598-21A7-4998-A49F-1CC47813B36A}.Debug|Any CPU.ActiveCfg = Debug|Any CPU
		{C1B5D598-21A7-4998-A49F-1CC47813B36A}.Debug|Any CPU.Build.0 = Debug|Any CPU
		{C1B5D598-21A7-4998-A49F-1CC47813B36A}.Release|Any CPU.ActiveCfg = Release|Any CPU
		{C1B5D598-21A7-4998-A49F-1CC47813B36A}.Release|Any CPU.Build.0 = Release|Any CPU
		{2BD47415-0E1C-4D6C-A010-A865CC605BDA}.Debug|Any CPU.ActiveCfg = Debug|Any CPU
		{2BD47415-0E1C-4D6C-A010-A865CC605BDA}.Debug|Any CPU.Build.0 = Debug|Any CPU
		{2BD47415-0E1C-4D6C-A010-A865CC605BDA}.Release|Any CPU.ActiveCfg = Release|Any CPU
		{2BD47415-0E1C-4D6C-A010-A865CC605BDA}.Release|Any CPU.Build.0 = Release|Any CPU
		{F72370B9-8402-4B87-A0F7-6C0196D8EC9F}.Debug|Any CPU.ActiveCfg = Debug|Any CPU
		{F72370B9-8402-4B87-A0F7-6C0196D8EC9F}.Debug|Any CPU.Build.0 = Debug|Any CPU
		{F72370B9-8402-4B87-A0F7-6C0196D8EC9F}.Release|Any CPU.ActiveCfg = Release|Any CPU
		{F72370B9-8402-4B87-A0F7-6C0196D8EC9F}.Release|Any CPU.Build.0 = Release|Any CPU
		{7487288D-150D-4161-ABCA-EC94F6911715}.Debug|Any CPU.ActiveCfg = Debug|Any CPU
		{7487288D-150D-4161-ABCA-EC94F6911715}.Debug|Any CPU.Build.0 = Debug|Any CPU
		{7487288D-150D-4161-ABCA-EC94F6911715}.Release|Any CPU.ActiveCfg = Release|Any CPU
		{7487288D-150D-4161-ABCA-EC94F6911715}.Release|Any CPU.Build.0 = Release|Any CPU
		{1693577A-08AC-4634-9222-67CA6402DBE8}.Debug|Any CPU.ActiveCfg = Debug|Any CPU
		{1693577A-08AC-4634-9222-67CA6402DBE8}.Debug|Any CPU.Build.0 = Debug|Any CPU
		{1693577A-08AC-4634-9222-67CA6402DBE8}.Release|Any CPU.ActiveCfg = Release|Any CPU
		{1693577A-08AC-4634-9222-67CA6402DBE8}.Release|Any CPU.Build.0 = Release|Any CPU
		{E6160771-2C1B-4F7B-B172-7BC4DB18206F}.Debug|Any CPU.ActiveCfg = Debug|Any CPU
		{E6160771-2C1B-4F7B-B172-7BC4DB18206F}.Debug|Any CPU.Build.0 = Debug|Any CPU
		{E6160771-2C1B-4F7B-B172-7BC4DB18206F}.Release|Any CPU.ActiveCfg = Release|Any CPU
		{E6160771-2C1B-4F7B-B172-7BC4DB18206F}.Release|Any CPU.Build.0 = Release|Any CPU
		{02C14CE4-B243-4B34-8FC1-24974CAD38AA}.Debug|Any CPU.ActiveCfg = Debug|Any CPU
		{02C14CE4-B243-4B34-8FC1-24974CAD38AA}.Debug|Any CPU.Build.0 = Debug|Any CPU
		{02C14CE4-B243-4B34-8FC1-24974CAD38AA}.Release|Any CPU.ActiveCfg = Release|Any CPU
		{02C14CE4-B243-4B34-8FC1-24974CAD38AA}.Release|Any CPU.Build.0 = Release|Any CPU
		{A61B26BE-DA69-4686-8A2D-DD3BE2AA3744}.Debug|Any CPU.ActiveCfg = Debug|Any CPU
		{A61B26BE-DA69-4686-8A2D-DD3BE2AA3744}.Debug|Any CPU.Build.0 = Debug|Any CPU
		{A61B26BE-DA69-4686-8A2D-DD3BE2AA3744}.Release|Any CPU.ActiveCfg = Release|Any CPU
		{A61B26BE-DA69-4686-8A2D-DD3BE2AA3744}.Release|Any CPU.Build.0 = Release|Any CPU
		{DE112EF5-B44D-4663-9112-25869779FF97}.Debug|Any CPU.ActiveCfg = Debug|Any CPU
		{DE112EF5-B44D-4663-9112-25869779FF97}.Debug|Any CPU.Build.0 = Debug|Any CPU
		{DE112EF5-B44D-4663-9112-25869779FF97}.Release|Any CPU.ActiveCfg = Release|Any CPU
		{DE112EF5-B44D-4663-9112-25869779FF97}.Release|Any CPU.Build.0 = Release|Any CPU
		{6B1DF21C-C25A-4055-BF97-399B5F06D175}.Debug|Any CPU.ActiveCfg = Debug|Any CPU
		{6B1DF21C-C25A-4055-BF97-399B5F06D175}.Debug|Any CPU.Build.0 = Debug|Any CPU
		{6B1DF21C-C25A-4055-BF97-399B5F06D175}.Release|Any CPU.ActiveCfg = Release|Any CPU
		{6B1DF21C-C25A-4055-BF97-399B5F06D175}.Release|Any CPU.Build.0 = Release|Any CPU
		{162DF077-6398-41A4-BF80-CBA278D7ADD9}.Debug|Any CPU.ActiveCfg = Debug|Any CPU
		{162DF077-6398-41A4-BF80-CBA278D7ADD9}.Debug|Any CPU.Build.0 = Debug|Any CPU
		{162DF077-6398-41A4-BF80-CBA278D7ADD9}.Release|Any CPU.ActiveCfg = Release|Any CPU
		{162DF077-6398-41A4-BF80-CBA278D7ADD9}.Release|Any CPU.Build.0 = Release|Any CPU
		{122AA232-E338-4194-9E26-A985E919EDC8}.Debug|Any CPU.ActiveCfg = Debug|Any CPU
		{122AA232-E338-4194-9E26-A985E919EDC8}.Debug|Any CPU.Build.0 = Debug|Any CPU
		{122AA232-E338-4194-9E26-A985E919EDC8}.Release|Any CPU.ActiveCfg = Release|Any CPU
		{122AA232-E338-4194-9E26-A985E919EDC8}.Release|Any CPU.Build.0 = Release|Any CPU
		{C245876B-DDB7-4A43-8FDA-77227978FDF5}.Debug|Any CPU.ActiveCfg = Debug|Any CPU
		{C245876B-DDB7-4A43-8FDA-77227978FDF5}.Debug|Any CPU.Build.0 = Debug|Any CPU
		{C245876B-DDB7-4A43-8FDA-77227978FDF5}.Release|Any CPU.ActiveCfg = Release|Any CPU
		{C245876B-DDB7-4A43-8FDA-77227978FDF5}.Release|Any CPU.Build.0 = Release|Any CPU
		{6BF578C6-78B6-4D10-BD98-81E5543B3698}.Debug|Any CPU.ActiveCfg = Debug|Any CPU
		{6BF578C6-78B6-4D10-BD98-81E5543B3698}.Debug|Any CPU.Build.0 = Debug|Any CPU
		{6BF578C6-78B6-4D10-BD98-81E5543B3698}.Release|Any CPU.ActiveCfg = Release|Any CPU
		{6BF578C6-78B6-4D10-BD98-81E5543B3698}.Release|Any CPU.Build.0 = Release|Any CPU
		{276E354B-AB52-4951-98E4-FED8134057E6}.Debug|Any CPU.ActiveCfg = Debug|Any CPU
		{276E354B-AB52-4951-98E4-FED8134057E6}.Debug|Any CPU.Build.0 = Debug|Any CPU
		{276E354B-AB52-4951-98E4-FED8134057E6}.Release|Any CPU.ActiveCfg = Release|Any CPU
		{276E354B-AB52-4951-98E4-FED8134057E6}.Release|Any CPU.Build.0 = Release|Any CPU
		{2EDF5591-9DE2-4B8C-8097-72D64E03CA71}.Debug|Any CPU.ActiveCfg = Debug|Any CPU
		{2EDF5591-9DE2-4B8C-8097-72D64E03CA71}.Debug|Any CPU.Build.0 = Debug|Any CPU
		{2EDF5591-9DE2-4B8C-8097-72D64E03CA71}.Release|Any CPU.ActiveCfg = Release|Any CPU
		{2EDF5591-9DE2-4B8C-8097-72D64E03CA71}.Release|Any CPU.Build.0 = Release|Any CPU
		{A272F634-D61D-47A4-8800-D54CE7C3E111}.Debug|Any CPU.ActiveCfg = Debug|Any CPU
		{A272F634-D61D-47A4-8800-D54CE7C3E111}.Debug|Any CPU.Build.0 = Debug|Any CPU
		{A272F634-D61D-47A4-8800-D54CE7C3E111}.Release|Any CPU.ActiveCfg = Release|Any CPU
		{A272F634-D61D-47A4-8800-D54CE7C3E111}.Release|Any CPU.Build.0 = Release|Any CPU
		{0BE5DDD0-98C7-4FFB-B7E4-4A047C355D80}.Debug|Any CPU.ActiveCfg = Debug|Any CPU
		{0BE5DDD0-98C7-4FFB-B7E4-4A047C355D80}.Debug|Any CPU.Build.0 = Debug|Any CPU
		{0BE5DDD0-98C7-4FFB-B7E4-4A047C355D80}.Release|Any CPU.ActiveCfg = Release|Any CPU
		{0BE5DDD0-98C7-4FFB-B7E4-4A047C355D80}.Release|Any CPU.Build.0 = Release|Any CPU
		{F29511B5-B7DC-4930-A815-43183BD08799}.Debug|Any CPU.ActiveCfg = Debug|Any CPU
		{F29511B5-B7DC-4930-A815-43183BD08799}.Debug|Any CPU.Build.0 = Debug|Any CPU
		{F29511B5-B7DC-4930-A815-43183BD08799}.Release|Any CPU.ActiveCfg = Release|Any CPU
		{F29511B5-B7DC-4930-A815-43183BD08799}.Release|Any CPU.Build.0 = Release|Any CPU
		{181DBCEE-754E-4D9F-A864-43787F46AAED}.Debug|Any CPU.ActiveCfg = Debug|Any CPU
		{181DBCEE-754E-4D9F-A864-43787F46AAED}.Debug|Any CPU.Build.0 = Debug|Any CPU
		{181DBCEE-754E-4D9F-A864-43787F46AAED}.Release|Any CPU.ActiveCfg = Release|Any CPU
		{181DBCEE-754E-4D9F-A864-43787F46AAED}.Release|Any CPU.Build.0 = Release|Any CPU
		{401BDEB0-0607-4EA3-9C3C-D9A29EFAF794}.Debug|Any CPU.ActiveCfg = Debug|Any CPU
		{401BDEB0-0607-4EA3-9C3C-D9A29EFAF794}.Debug|Any CPU.Build.0 = Debug|Any CPU
		{401BDEB0-0607-4EA3-9C3C-D9A29EFAF794}.Release|Any CPU.ActiveCfg = Release|Any CPU
		{401BDEB0-0607-4EA3-9C3C-D9A29EFAF794}.Release|Any CPU.Build.0 = Release|Any CPU
		{D9A2F4BA-E1E5-45B4-8E76-66DB27650BB3}.Debug|Any CPU.ActiveCfg = Debug|Any CPU
		{D9A2F4BA-E1E5-45B4-8E76-66DB27650BB3}.Debug|Any CPU.Build.0 = Debug|Any CPU
		{D9A2F4BA-E1E5-45B4-8E76-66DB27650BB3}.Release|Any CPU.ActiveCfg = Release|Any CPU
		{D9A2F4BA-E1E5-45B4-8E76-66DB27650BB3}.Release|Any CPU.Build.0 = Release|Any CPU
		{45BE9238-6909-434F-974A-7419D4D77DC6}.Debug|Any CPU.ActiveCfg = Debug|Any CPU
		{45BE9238-6909-434F-974A-7419D4D77DC6}.Debug|Any CPU.Build.0 = Debug|Any CPU
		{45BE9238-6909-434F-974A-7419D4D77DC6}.Release|Any CPU.ActiveCfg = Release|Any CPU
		{45BE9238-6909-434F-974A-7419D4D77DC6}.Release|Any CPU.Build.0 = Release|Any CPU
		{4AB41B85-A486-4E67-8A94-09622BC0B063}.Debug|Any CPU.ActiveCfg = Debug|Any CPU
		{4AB41B85-A486-4E67-8A94-09622BC0B063}.Debug|Any CPU.Build.0 = Debug|Any CPU
		{4AB41B85-A486-4E67-8A94-09622BC0B063}.Release|Any CPU.ActiveCfg = Release|Any CPU
		{4AB41B85-A486-4E67-8A94-09622BC0B063}.Release|Any CPU.Build.0 = Release|Any CPU
		{BEDEFC52-63BF-487F-98E0-2D706C828750}.Debug|Any CPU.ActiveCfg = Debug|Any CPU
		{BEDEFC52-63BF-487F-98E0-2D706C828750}.Debug|Any CPU.Build.0 = Debug|Any CPU
		{BEDEFC52-63BF-487F-98E0-2D706C828750}.Release|Any CPU.ActiveCfg = Release|Any CPU
		{BEDEFC52-63BF-487F-98E0-2D706C828750}.Release|Any CPU.Build.0 = Release|Any CPU
	EndGlobalSection
	GlobalSection(SolutionProperties) = preSolution
		HideSolutionNode = FALSE
	EndGlobalSection
	GlobalSection(ExtensibilityGlobals) = postSolution
		SolutionGuid = {7075F515-1E38-449E-901F-86C831FFF351}
	EndGlobalSection
EndGlobal
